
Microsoft Visual Studio Solution File, Format Version 12.00
# Visual Studio Version 17
VisualStudioVersion = 17.2.32616.157
MinimumVisualStudioVersion = 10.0.40219.1
Project("{9A19103F-16F7-4668-BE54-9A1E7A4F7556}") = "Innorik-Demo", "Innorik-demo\Innorik-Demo.csproj", "{BFF52626-D946-4C25-AB5E-E0AD28A05C28}"
EndProject
Project("{FAE04EC0-301F-11D3-BF4B-00C04F79EFBC}") = "Innorik.Test", "Innorik.Test\Innorik.Test.csproj", "{2D0602AB-252F-4188-9244-A50EA3687213}"
EndProject
Global
	GlobalSection(SolutionConfigurationPlatforms) = preSolution
		Debug|Any CPU = Debug|Any CPU
		Release|Any CPU = Release|Any CPU
	EndGlobalSection
	GlobalSection(ProjectConfigurationPlatforms) = postSolution
		{BFF52626-D946-4C25-AB5E-E0AD28A05C28}.Debug|Any CPU.ActiveCfg = Debug|Any CPU
		{BFF52626-D946-4C25-AB5E-E0AD28A05C28}.Debug|Any CPU.Build.0 = Debug|Any CPU
		{BFF52626-D946-4C25-AB5E-E0AD28A05C28}.Release|Any CPU.ActiveCfg = Release|Any CPU
		{BFF52626-D946-4C25-AB5E-E0AD28A05C28}.Release|Any CPU.Build.0 = Release|Any CPU
		{2D0602AB-252F-4188-9244-A50EA3687213}.Debug|Any CPU.ActiveCfg = Debug|Any CPU
		{2D0602AB-252F-4188-9244-A50EA3687213}.Debug|Any CPU.Build.0 = Debug|Any CPU
		{2D0602AB-252F-4188-9244-A50EA3687213}.Release|Any CPU.ActiveCfg = Release|Any CPU
		{2D0602AB-252F-4188-9244-A50EA3687213}.Release|Any CPU.Build.0 = Release|Any CPU
	EndGlobalSection
	GlobalSection(SolutionProperties) = preSolution
		HideSolutionNode = FALSE
	EndGlobalSection
	GlobalSection(ExtensibilityGlobals) = postSolution
		SolutionGuid = {F55C2963-5B55-4D53-A7B5-E5FACA488B33}
	EndGlobalSection
EndGlobal
